{
  "originHash" : "89765c5d52f1b30216d69eb4143307c8d5ab738e6e10893149d580d3c54250fc",
  "pins" : [
    {
      "identity" : "acknowlist",
      "kind" : "remoteSourceControl",
      "location" : "https://github.com/vtourraine/AcknowList",
      "state" : {
        "revision" : "125ff1915a639bf7d97471a4d5ae16765d0c50f2",
        "version" : "3.2.0"
      }
    },
    {
      "identity" : "rxappstate",
      "kind" : "remoteSourceControl",
      "location" : "https://github.com/pixeldock/RxAppState",
      "state" : {
        "revision" : "1c3f32433b4ffa431671b21e46b98af0d875081e",
        "version" : "1.8.1"
      }
    },
    {
      "identity" : "rxswift",
      "kind" : "remoteSourceControl",
      "location" : "https://github.com/ReactiveX/RxSwift",
      "state" : {
        "revision" : "b06a8c8596e4c3e8e7788e08e720e3248563ce6a",
        "version" : "6.7.1"
      }
    }
  ],
  "version" : 3
}
