{
  "originHash" : "3a92100ac231651157df8c333f4d5ef7fb7dc634c2bdc3b9759d12aaebf039d2",
  "pins" : [
    {
      "identity" : "acknowlist",
      "kind" : "remoteSourceControl",
      "location" : "https://github.com/vtourraine/AcknowList",
      "state" : {
        "revision" : "125ff1915a639bf7d97471a4d5ae16765d0c50f2",
        "version" : "3.2.0"
      }
    },
    {
      "identity" : "rxswift",
      "kind" : "remoteSourceControl",
      "location" : "https://github.com/ReactiveX/RxSwift",
      "state" : {
        "revision" : "b06a8c8596e4c3e8e7788e08e720e3248563ce6a",
        "version" : "6.7.1"
      }
    }
  ],
  "version" : 3
}
